name: Generate PNPM Lock
on: [workflow_dispatch, push] # Se ejecuta al guardar o manualmente

jobs:
  build:
    runs-on: ubuntu-latest
    steps:
      - uses: actions/checkout@v4
      - uses: pnpm/action-setup@v3
        with:
          version: 9
      - name: Install dependencies
        run: pnpm install --no-frozen-lockfile
      - name: Commit lockfile
        uses: stefanzweifel/git-auto-commit-action@v5
        with:
          commit_message: "chore: generate pnpm-lock.yaml"
          file_pattern: 'pnpm-lock.yaml'
